
Microsoft Visual Studio Solution File, Format Version 12.00
# Visual Studio Version 17
VisualStudioVersion = 17.13.35931.197
MinimumVisualStudioVersion = 10.0.40219.1
Project("{FAE04EC0-301F-11D3-BF4B-00C04F79EFBC}") = "CapaPresentacion", "CapaPresentacion\CapaPresentacion.csproj", "{938F8A6D-B03F-4314-866E-5F1AB95388B2}"
EndProject
Project("{FAE04EC0-301F-11D3-BF4B-00C04F79EFBC}") = "CapaEntidad", "CapaEntidad\CapaEntidad.csproj", "{06CCF074-B174-4696-9D3D-02EE9F2771FC}"
EndProject
Project("{FAE04EC0-301F-11D3-BF4B-00C04F79EFBC}") = "CapaNegocio", "CapaNegocio\CapaNegocio.csproj", "{15FE5DEA-7376-4956-8D8A-2EF5E8763948}"
EndProject
Project("{FAE04EC0-301F-11D3-BF4B-00C04F79EFBC}") = "CapaDatos", "CapaDatos\CapaDatos.csproj", "{CD66DE72-2309-4FE0-B5BA-C0026E3B04FC}"
EndProject
Global
	GlobalSection(SolutionConfigurationPlatforms) = preSolution
		Debug|Any CPU = Debug|Any CPU
		Release|Any CPU = Release|Any CPU
	EndGlobalSection
	GlobalSection(ProjectConfigurationPlatforms) = postSolution
		{938F8A6D-B03F-4314-866E-5F1AB95388B2}.Debug|Any CPU.ActiveCfg = Debug|Any CPU
		{938F8A6D-B03F-4314-866E-5F1AB95388B2}.Debug|Any CPU.Build.0 = Debug|Any CPU
		{938F8A6D-B03F-4314-866E-5F1AB95388B2}.Release|Any CPU.ActiveCfg = Release|Any CPU
		{938F8A6D-B03F-4314-866E-5F1AB95388B2}.Release|Any CPU.Build.0 = Release|Any CPU
		{06CCF074-B174-4696-9D3D-02EE9F2771FC}.Debug|Any CPU.ActiveCfg = Debug|Any CPU
		{06CCF074-B174-4696-9D3D-02EE9F2771FC}.Debug|Any CPU.Build.0 = Debug|Any CPU
		{06CCF074-B174-4696-9D3D-02EE9F2771FC}.Release|Any CPU.ActiveCfg = Release|Any CPU
		{06CCF074-B174-4696-9D3D-02EE9F2771FC}.Release|Any CPU.Build.0 = Release|Any CPU
		{15FE5DEA-7376-4956-8D8A-2EF5E8763948}.Debug|Any CPU.ActiveCfg = Debug|Any CPU
		{15FE5DEA-7376-4956-8D8A-2EF5E8763948}.Debug|Any CPU.Build.0 = Debug|Any CPU
		{15FE5DEA-7376-4956-8D8A-2EF5E8763948}.Release|Any CPU.ActiveCfg = Release|Any CPU
		{15FE5DEA-7376-4956-8D8A-2EF5E8763948}.Release|Any CPU.Build.0 = Release|Any CPU
		{CD66DE72-2309-4FE0-B5BA-C0026E3B04FC}.Debug|Any CPU.ActiveCfg = Debug|Any CPU
		{CD66DE72-2309-4FE0-B5BA-C0026E3B04FC}.Debug|Any CPU.Build.0 = Debug|Any CPU
		{CD66DE72-2309-4FE0-B5BA-C0026E3B04FC}.Release|Any CPU.ActiveCfg = Release|Any CPU
		{CD66DE72-2309-4FE0-B5BA-C0026E3B04FC}.Release|Any CPU.Build.0 = Release|Any CPU
	EndGlobalSection
	GlobalSection(SolutionProperties) = preSolution
		HideSolutionNode = FALSE
	EndGlobalSection
	GlobalSection(ExtensibilityGlobals) = postSolution
		SolutionGuid = {31613561-BB3C-4BA1-8A2A-4F69001B4F76}
	EndGlobalSection
EndGlobal
